
Microsoft Visual Studio Solution File, Format Version 12.00
# Visual Studio 2013
VisualStudioVersion = 12.0.31101.0
MinimumVisualStudioVersion = 10.0.40219.1
Project("{FAE04EC0-301F-11D3-BF4B-00C04F79EFBC}") = "Projeto.Entity", "Projeto.Entity\Projeto.Entity.csproj", "{B0AE0047-3E52-4613-A58C-22CD702AE144}"
EndProject
Project("{FAE04EC0-301F-11D3-BF4B-00C04F79EFBC}") = "Projeto.Domain", "Projeto.Domain\Projeto.Domain.csproj", "{70D814FF-D429-4878-A134-BB75C4113051}"
EndProject
Project("{FAE04EC0-301F-11D3-BF4B-00C04F79EFBC}") = "Projeto.InfraEstructure", "Projeto.InfraEstructure\Projeto.InfraEstructure.csproj", "{4640DC49-969B-4FB0-9A3C-6B9AC81C4BA4}"
EndProject
Project("{FAE04EC0-301F-11D3-BF4B-00C04F79EFBC}") = "Projeto.Web", "Projeto.Web\Projeto.Web.csproj", "{19302CE0-9BE1-47F5-A337-A901429182ED}"
EndProject
Global
	GlobalSection(SolutionConfigurationPlatforms) = preSolution
		Debug|Any CPU = Debug|Any CPU
		Release|Any CPU = Release|Any CPU
	EndGlobalSection
	GlobalSection(ProjectConfigurationPlatforms) = postSolution
		{B0AE0047-3E52-4613-A58C-22CD702AE144}.Debug|Any CPU.ActiveCfg = Debug|Any CPU
		{B0AE0047-3E52-4613-A58C-22CD702AE144}.Debug|Any CPU.Build.0 = Debug|Any CPU
		{B0AE0047-3E52-4613-A58C-22CD702AE144}.Release|Any CPU.ActiveCfg = Release|Any CPU
		{B0AE0047-3E52-4613-A58C-22CD702AE144}.Release|Any CPU.Build.0 = Release|Any CPU
		{70D814FF-D429-4878-A134-BB75C4113051}.Debug|Any CPU.ActiveCfg = Debug|Any CPU
		{70D814FF-D429-4878-A134-BB75C4113051}.Debug|Any CPU.Build.0 = Debug|Any CPU
		{70D814FF-D429-4878-A134-BB75C4113051}.Release|Any CPU.ActiveCfg = Release|Any CPU
		{70D814FF-D429-4878-A134-BB75C4113051}.Release|Any CPU.Build.0 = Release|Any CPU
		{4640DC49-969B-4FB0-9A3C-6B9AC81C4BA4}.Debug|Any CPU.ActiveCfg = Debug|Any CPU
		{4640DC49-969B-4FB0-9A3C-6B9AC81C4BA4}.Debug|Any CPU.Build.0 = Debug|Any CPU
		{4640DC49-969B-4FB0-9A3C-6B9AC81C4BA4}.Release|Any CPU.ActiveCfg = Release|Any CPU
		{4640DC49-969B-4FB0-9A3C-6B9AC81C4BA4}.Release|Any CPU.Build.0 = Release|Any CPU
		{19302CE0-9BE1-47F5-A337-A901429182ED}.Debug|Any CPU.ActiveCfg = Debug|Any CPU
		{19302CE0-9BE1-47F5-A337-A901429182ED}.Debug|Any CPU.Build.0 = Debug|Any CPU
		{19302CE0-9BE1-47F5-A337-A901429182ED}.Release|Any CPU.ActiveCfg = Release|Any CPU
		{19302CE0-9BE1-47F5-A337-A901429182ED}.Release|Any CPU.Build.0 = Release|Any CPU
	EndGlobalSection
	GlobalSection(SolutionProperties) = preSolution
		HideSolutionNode = FALSE
	EndGlobalSection
EndGlobal
